
Microsoft Visual Studio Solution File, Format Version 12.00
# Visual Studio Version 17
VisualStudioVersion = 17.4.33403.182
MinimumVisualStudioVersion = 10.0.40219.1
Project("{FAE04EC0-301F-11D3-BF4B-00C04F79EFBC}") = "PizzaMizza", "PizzaMizza\PizzaMizza.csproj", "{76D23209-B959-46F2-BF3D-D45848CE05E8}"
EndProject
Project("{FAE04EC0-301F-11D3-BF4B-00C04F79EFBC}") = "PizzaMizza.Core", "PizzaMizza.Core\PizzaMizza.Core.csproj", "{72405B4E-D641-40C9-8C9F-3DCEFDE640D8}"
EndProject
Global
	GlobalSection(SolutionConfigurationPlatforms) = preSolution
		Debug|Any CPU = Debug|Any CPU
		Release|Any CPU = Release|Any CPU
	EndGlobalSection
	GlobalSection(ProjectConfigurationPlatforms) = postSolution
		{76D23209-B959-46F2-BF3D-D45848CE05E8}.Debug|Any CPU.ActiveCfg = Debug|Any CPU
		{76D23209-B959-46F2-BF3D-D45848CE05E8}.Debug|Any CPU.Build.0 = Debug|Any CPU
		{76D23209-B959-46F2-BF3D-D45848CE05E8}.Release|Any CPU.ActiveCfg = Release|Any CPU
		{76D23209-B959-46F2-BF3D-D45848CE05E8}.Release|Any CPU.Build.0 = Release|Any CPU
		{72405B4E-D641-40C9-8C9F-3DCEFDE640D8}.Debug|Any CPU.ActiveCfg = Debug|Any CPU
		{72405B4E-D641-40C9-8C9F-3DCEFDE640D8}.Debug|Any CPU.Build.0 = Debug|Any CPU
		{72405B4E-D641-40C9-8C9F-3DCEFDE640D8}.Release|Any CPU.ActiveCfg = Release|Any CPU
		{72405B4E-D641-40C9-8C9F-3DCEFDE640D8}.Release|Any CPU.Build.0 = Release|Any CPU
	EndGlobalSection
	GlobalSection(SolutionProperties) = preSolution
		HideSolutionNode = FALSE
	EndGlobalSection
	GlobalSection(ExtensibilityGlobals) = postSolution
		SolutionGuid = {5C903938-D77B-420B-B305-588C9F878C80}
	EndGlobalSection
EndGlobal
